// !$*UTF8*$!
{
	archiveVersion = 1;
	classes = {
	};
	objectVersion = 56;
	objects = {

/* Begin PBXBuildFile section */
		95472D8B2B58F4A300BBE8C3 /* VimeoPlayerApp.swift in Sources */ = {isa = PBXBuildFile; fileRef = 95472D8A2B58F4A300BBE8C3 /* VimeoPlayerApp.swift */; };
		95472D8D2B58F4A300BBE8C3 /* ContentView.swift in Sources */ = {isa = PBXBuildFile; fileRef = 95472D8C2B58F4A300BBE8C3 /* ContentView.swift */; };
		95472D8F2B58F4A400BBE8C3 /* Assets.xcassets in Resources */ = {isa = PBXBuildFile; fileRef = 95472D8E2B58F4A400BBE8C3 /* Assets.xcassets */; };
		95472D922B58F4A400BBE8C3 /* Preview Assets.xcassets in Resources */ = {isa = PBXBuildFile; fileRef = 95472D912B58F4A400BBE8C3 /* Preview Assets.xcassets */; };
		95472D9A2B58F4AE00BBE8C3 /* VimeoPlayer.swift in Sources */ = {isa = PBXBuildFile; fileRef = 95472D992B58F4AE00BBE8C3 /* VimeoPlayer.swift */; };
		95472D9D2B58F53E00BBE8C3 /* AVKit.framework in Frameworks */ = {isa = PBXBuildFile; fileRef = 95472D9C2B58F53E00BBE8C3 /* AVKit.framework */; };
		95472DA02B58F6B200BBE8C3 /* video.json in Resources */ = {isa = PBXBuildFile; fileRef = 95472D9F2B58F6B200BBE8C3 /* video.json */; };
		95472DA22B58F6F300BBE8C3 /* VimeoResponse.swift in Sources */ = {isa = PBXBuildFile; fileRef = 95472DA12B58F6F300BBE8C3 /* VimeoResponse.swift */; };
		95472DA72B59017500BBE8C3 /* VimeoVideo.swift in Sources */ = {isa = PBXBuildFile; fileRef = 95472DA62B59017500BBE8C3 /* VimeoVideo.swift */; };
		95472DAB2B591B9C00BBE8C3 /* VimeoPlayerViewModel.swift in Sources */ = {isa = PBXBuildFile; fileRef = 95472DAA2B591B9C00BBE8C3 /* VimeoPlayerViewModel.swift */; };
		95472DAD2B591D2400BBE8C3 /* VimeoPLayerError.swift in Sources */ = {isa = PBXBuildFile; fileRef = 95472DAC2B591D2400BBE8C3 /* VimeoPLayerError.swift */; };
		95472DB12B592AE400BBE8C3 /* AVPlayerExtension.swift in Sources */ = {isa = PBXBuildFile; fileRef = 95472DB02B592AE400BBE8C3 /* AVPlayerExtension.swift */; };
/* End PBXBuildFile section */

/* Begin PBXFileReference section */
		95472D872B58F4A300BBE8C3 /* VimeoPlayer.app */ = {isa = PBXFileReference; explicitFileType = wrapper.application; includeInIndex = 0; path = VimeoPlayer.app; sourceTree = BUILT_PRODUCTS_DIR; };
		95472D8A2B58F4A300BBE8C3 /* VimeoPlayerApp.swift */ = {isa = PBXFileReference; lastKnownFileType = sourcecode.swift; path = VimeoPlayerApp.swift; sourceTree = "<group>"; };
		95472D8C2B58F4A300BBE8C3 /* ContentView.swift */ = {isa = PBXFileReference; lastKnownFileType = sourcecode.swift; path = ContentView.swift; sourceTree = "<group>"; };
		95472D8E2B58F4A400BBE8C3 /* Assets.xcassets */ = {isa = PBXFileReference; lastKnownFileType = folder.assetcatalog; path = Assets.xcassets; sourceTree = "<group>"; };
		95472D912B58F4A400BBE8C3 /* Preview Assets.xcassets */ = {isa = PBXFileReference; lastKnownFileType = folder.assetcatalog; path = "Preview Assets.xcassets"; sourceTree = "<group>"; };
		95472D932B58F4A400BBE8C3 /* VimeoPlayer.entitlements */ = {isa = PBXFileReference; lastKnownFileType = text.plist.entitlements; path = VimeoPlayer.entitlements; sourceTree = "<group>"; };
		95472D992B58F4AE00BBE8C3 /* VimeoPlayer.swift */ = {isa = PBXFileReference; lastKnownFileType = sourcecode.swift; path = VimeoPlayer.swift; sourceTree = "<group>"; };
		95472D9C2B58F53E00BBE8C3 /* AVKit.framework */ = {isa = PBXFileReference; lastKnownFileType = wrapper.framework; name = AVKit.framework; path = System/Library/Frameworks/AVKit.framework; sourceTree = SDKROOT; };
		95472D9F2B58F6B200BBE8C3 /* video.json */ = {isa = PBXFileReference; lastKnownFileType = text.json; path = video.json; sourceTree = "<group>"; };
		95472DA12B58F6F300BBE8C3 /* VimeoResponse.swift */ = {isa = PBXFileReference; lastKnownFileType = sourcecode.swift; path = VimeoResponse.swift; sourceTree = "<group>"; };
		95472DA62B59017500BBE8C3 /* VimeoVideo.swift */ = {isa = PBXFileReference; lastKnownFileType = sourcecode.swift; path = VimeoVideo.swift; sourceTree = "<group>"; };
		95472DAA2B591B9C00BBE8C3 /* VimeoPlayerViewModel.swift */ = {isa = PBXFileReference; lastKnownFileType = sourcecode.swift; path = VimeoPlayerViewModel.swift; sourceTree = "<group>"; };
		95472DAC2B591D2400BBE8C3 /* VimeoPLayerError.swift */ = {isa = PBXFileReference; lastKnownFileType = sourcecode.swift; path = VimeoPLayerError.swift; sourceTree = "<group>"; };
		95472DB02B592AE400BBE8C3 /* AVPlayerExtension.swift */ = {isa = PBXFileReference; lastKnownFileType = sourcecode.swift; path = AVPlayerExtension.swift; sourceTree = "<group>"; };
/* End PBXFileReference section */

/* Begin PBXFrameworksBuildPhase section */
		95472D842B58F4A300BBE8C3 /* Frameworks */ = {
			isa = PBXFrameworksBuildPhase;
			buildActionMask = 2147483647;
			files = (
				95472D9D2B58F53E00BBE8C3 /* AVKit.framework in Frameworks */,
			);
			runOnlyForDeploymentPostprocessing = 0;
		};
/* End PBXFrameworksBuildPhase section */

/* Begin PBXGroup section */
		95472D7E2B58F4A300BBE8C3 = {
			isa = PBXGroup;
			children = (
				95472D892B58F4A300BBE8C3 /* VimeoPlayer */,
				95472D882B58F4A300BBE8C3 /* Products */,
				95472D9B2B58F53E00BBE8C3 /* Frameworks */,
			);
			sourceTree = "<group>";
		};
		95472D882B58F4A300BBE8C3 /* Products */ = {
			isa = PBXGroup;
			children = (
				95472D872B58F4A300BBE8C3 /* VimeoPlayer.app */,
			);
			name = Products;
			sourceTree = "<group>";
		};
		95472D892B58F4A300BBE8C3 /* VimeoPlayer */ = {
			isa = PBXGroup;
			children = (
				95472D8A2B58F4A300BBE8C3 /* VimeoPlayerApp.swift */,
				95472D8C2B58F4A300BBE8C3 /* ContentView.swift */,
				95472DA82B591B8400BBE8C3 /* View */,
				95472DA92B591B8B00BBE8C3 /* ViewModel */,
				95472D9E2B58F56000BBE8C3 /* Model */,
				95472DAE2B592AC100BBE8C3 /* Extensions */,
				95472D8E2B58F4A400BBE8C3 /* Assets.xcassets */,
				95472D9F2B58F6B200BBE8C3 /* video.json */,
				95472D932B58F4A400BBE8C3 /* VimeoPlayer.entitlements */,
				95472D902B58F4A400BBE8C3 /* Preview Content */,
			);
			path = VimeoPlayer;
			sourceTree = "<group>";
		};
		95472D902B58F4A400BBE8C3 /* Preview Content */ = {
			isa = PBXGroup;
			children = (
				95472D912B58F4A400BBE8C3 /* Preview Assets.xcassets */,
			);
			path = "Preview Content";
			sourceTree = "<group>";
		};
		95472D9B2B58F53E00BBE8C3 /* Frameworks */ = {
			isa = PBXGroup;
			children = (
				95472D9C2B58F53E00BBE8C3 /* AVKit.framework */,
			);
			name = Frameworks;
			sourceTree = "<group>";
		};
		95472D9E2B58F56000BBE8C3 /* Model */ = {
			isa = PBXGroup;
			children = (
				95472DA62B59017500BBE8C3 /* VimeoVideo.swift */,
				95472DA12B58F6F300BBE8C3 /* VimeoResponse.swift */,
				95472DAC2B591D2400BBE8C3 /* VimeoPLayerError.swift */,
			);
			path = Model;
			sourceTree = "<group>";
		};
		95472DA82B591B8400BBE8C3 /* View */ = {
			isa = PBXGroup;
			children = (
				95472D992B58F4AE00BBE8C3 /* VimeoPlayer.swift */,
			);
			path = View;
			sourceTree = "<group>";
		};
		95472DA92B591B8B00BBE8C3 /* ViewModel */ = {
			isa = PBXGroup;
			children = (
				95472DAA2B591B9C00BBE8C3 /* VimeoPlayerViewModel.swift */,
			);
			path = ViewModel;
			sourceTree = "<group>";
		};
		95472DAE2B592AC100BBE8C3 /* Extensions */ = {
			isa = PBXGroup;
			children = (
				95472DB02B592AE400BBE8C3 /* AVPlayerExtension.swift */,
			);
			path = Extensions;
			sourceTree = "<group>";
		};
/* End PBXGroup section */

/* Begin PBXNativeTarget section */
		95472D862B58F4A300BBE8C3 /* VimeoPlayer */ = {
			isa = PBXNativeTarget;
			buildConfigurationList = 95472D962B58F4A400BBE8C3 /* Build configuration list for PBXNativeTarget "VimeoPlayer" */;
			buildPhases = (
				95472D832B58F4A300BBE8C3 /* Sources */,
				95472D842B58F4A300BBE8C3 /* Frameworks */,
				95472D852B58F4A300BBE8C3 /* Resources */,
			);
			buildRules = (
			);
			dependencies = (
			);
			name = VimeoPlayer;
			productName = VimeoPlayer;
			productReference = 95472D872B58F4A300BBE8C3 /* VimeoPlayer.app */;
			productType = "com.apple.product-type.application";
		};
/* End PBXNativeTarget section */

/* Begin PBXProject section */
		95472D7F2B58F4A300BBE8C3 /* Project object */ = {
			isa = PBXProject;
			attributes = {
				BuildIndependentTargetsInParallel = 1;
				LastSwiftUpdateCheck = 1510;
				LastUpgradeCheck = 1510;
				TargetAttributes = {
					95472D862B58F4A300BBE8C3 = {
						CreatedOnToolsVersion = 15.1;
					};
				};
			};
			buildConfigurationList = 95472D822B58F4A300BBE8C3 /* Build configuration list for PBXProject "VimeoPlayer" */;
			compatibilityVersion = "Xcode 14.0";
			developmentRegion = en;
			hasScannedForEncodings = 0;
			knownRegions = (
				en,
				Base,
			);
			mainGroup = 95472D7E2B58F4A300BBE8C3;
			productRefGroup = 95472D882B58F4A300BBE8C3 /* Products */;
			projectDirPath = "";
			projectRoot = "";
			targets = (
				95472D862B58F4A300BBE8C3 /* VimeoPlayer */,
			);
		};
/* End PBXProject section */

/* Begin PBXResourcesBuildPhase section */
		95472D852B58F4A300BBE8C3 /* Resources */ = {
			isa = PBXResourcesBuildPhase;
			buildActionMask = 2147483647;
			files = (
				95472D922B58F4A400BBE8C3 /* Preview Assets.xcassets in Resources */,
				95472DA02B58F6B200BBE8C3 /* video.json in Resources */,
				95472D8F2B58F4A400BBE8C3 /* Assets.xcassets in Resources */,
			);
			runOnlyForDeploymentPostprocessing = 0;
		};
/* End PBXResourcesBuildPhase section */

/* Begin PBXSourcesBuildPhase section */
		95472D832B58F4A300BBE8C3 /* Sources */ = {
			isa = PBXSourcesBuildPhase;
			buildActionMask = 2147483647;
			files = (
				95472D8D2B58F4A300BBE8C3 /* ContentView.swift in Sources */,
				95472D9A2B58F4AE00BBE8C3 /* VimeoPlayer.swift in Sources */,
				95472DA22B58F6F300BBE8C3 /* VimeoResponse.swift in Sources */,
				95472DB12B592AE400BBE8C3 /* AVPlayerExtension.swift in Sources */,
				95472DA72B59017500BBE8C3 /* VimeoVideo.swift in Sources */,
				95472DAB2B591B9C00BBE8C3 /* VimeoPlayerViewModel.swift in Sources */,
				95472D8B2B58F4A300BBE8C3 /* VimeoPlayerApp.swift in Sources */,
				95472DAD2B591D2400BBE8C3 /* VimeoPLayerError.swift in Sources */,
			);
			runOnlyForDeploymentPostprocessing = 0;
		};
/* End PBXSourcesBuildPhase section */

/* Begin XCBuildConfiguration section */
		95472D942B58F4A400BBE8C3 /* Debug */ = {
			isa = XCBuildConfiguration;
			buildSettings = {
				ALWAYS_SEARCH_USER_PATHS = NO;
				ASSETCATALOG_COMPILER_GENERATE_SWIFT_ASSET_SYMBOL_EXTENSIONS = YES;
				CLANG_ANALYZER_NONNULL = YES;
				CLANG_ANALYZER_NUMBER_OBJECT_CONVERSION = YES_AGGRESSIVE;
				CLANG_CXX_LANGUAGE_STANDARD = "gnu++20";
				CLANG_ENABLE_MODULES = YES;
				CLANG_ENABLE_OBJC_ARC = YES;
				CLANG_ENABLE_OBJC_WEAK = YES;
				CLANG_WARN_BLOCK_CAPTURE_AUTORELEASING = YES;
				CLANG_WARN_BOOL_CONVERSION = YES;
				CLANG_WARN_COMMA = YES;
				CLANG_WARN_CONSTANT_CONVERSION = YES;
				CLANG_WARN_DEPRECATED_OBJC_IMPLEMENTATIONS = YES;
				CLANG_WARN_DIRECT_OBJC_ISA_USAGE = YES_ERROR;
				CLANG_WARN_DOCUMENTATION_COMMENTS = YES;
				CLANG_WARN_EMPTY_BODY = YES;
				CLANG_WARN_ENUM_CONVERSION = YES;
				CLANG_WARN_INFINITE_RECURSION = YES;
				CLANG_WARN_INT_CONVERSION = YES;
				CLANG_WARN_NON_LITERAL_NULL_CONVERSION = YES;
				CLANG_WARN_OBJC_IMPLICIT_RETAIN_SELF = YES;
				CLANG_WARN_OBJC_LITERAL_CONVERSION = YES;
				CLANG_WARN_OBJC_ROOT_CLASS = YES_ERROR;
				CLANG_WARN_QUOTED_INCLUDE_IN_FRAMEWORK_HEADER = YES;
				CLANG_WARN_RANGE_LOOP_ANALYSIS = YES;
				CLANG_WARN_STRICT_PROTOTYPES = YES;
				CLANG_WARN_SUSPICIOUS_MOVE = YES;
				CLANG_WARN_UNGUARDED_AVAILABILITY = YES_AGGRESSIVE;
				CLANG_WARN_UNREACHABLE_CODE = YES;
				CLANG_WARN__DUPLICATE_METHOD_MATCH = YES;
				COPY_PHASE_STRIP = NO;
				DEBUG_INFORMATION_FORMAT = dwarf;
				ENABLE_STRICT_OBJC_MSGSEND = YES;
				ENABLE_TESTABILITY = YES;
				ENABLE_USER_SCRIPT_SANDBOXING = YES;
				GCC_C_LANGUAGE_STANDARD = gnu17;
				GCC_DYNAMIC_NO_PIC = NO;
				GCC_NO_COMMON_BLOCKS = YES;
				GCC_OPTIMIZATION_LEVEL = 0;
				GCC_PREPROCESSOR_DEFINITIONS = (
					"DEBUG=1",
					"$(inherited)",
				);
				GCC_WARN_64_TO_32_BIT_CONVERSION = YES;
				GCC_WARN_ABOUT_RETURN_TYPE = YES_ERROR;
				GCC_WARN_UNDECLARED_SELECTOR = YES;
				GCC_WARN_UNINITIALIZED_AUTOS = YES_AGGRESSIVE;
				GCC_WARN_UNUSED_FUNCTION = YES;
				GCC_WARN_UNUSED_VARIABLE = YES;
				LOCALIZATION_PREFERS_STRING_CATALOGS = YES;
				MACOSX_DEPLOYMENT_TARGET = 14.2;
				MTL_ENABLE_DEBUG_INFO = INCLUDE_SOURCE;
				MTL_FAST_MATH = YES;
				ONLY_ACTIVE_ARCH = YES;
				SDKROOT = macosx;
				SWIFT_ACTIVE_COMPILATION_CONDITIONS = "DEBUG $(inherited)";
				SWIFT_OPTIMIZATION_LEVEL = "-Onone";
			};
			name = Debug;
		};
		95472D952B58F4A400BBE8C3 /* Release */ = {
			isa = XCBuildConfiguration;
			buildSettings = {
				ALWAYS_SEARCH_USER_PATHS = NO;
				ASSETCATALOG_COMPILER_GENERATE_SWIFT_ASSET_SYMBOL_EXTENSIONS = YES;
				CLANG_ANALYZER_NONNULL = YES;
				CLANG_ANALYZER_NUMBER_OBJECT_CONVERSION = YES_AGGRESSIVE;
				CLANG_CXX_LANGUAGE_STANDARD = "gnu++20";
				CLANG_ENABLE_MODULES = YES;
				CLANG_ENABLE_OBJC_ARC = YES;
				CLANG_ENABLE_OBJC_WEAK = YES;
				CLANG_WARN_BLOCK_CAPTURE_AUTORELEASING = YES;
				CLANG_WARN_BOOL_CONVERSION = YES;
				CLANG_WARN_COMMA = YES;
				CLANG_WARN_CONSTANT_CONVERSION = YES;
				CLANG_WARN_DEPRECATED_OBJC_IMPLEMENTATIONS = YES;
				CLANG_WARN_DIRECT_OBJC_ISA_USAGE = YES_ERROR;
				CLANG_WARN_DOCUMENTATION_COMMENTS = YES;
				CLANG_WARN_EMPTY_BODY = YES;
				CLANG_WARN_ENUM_CONVERSION = YES;
				CLANG_WARN_INFINITE_RECURSION = YES;
				CLANG_WARN_INT_CONVERSION = YES;
				CLANG_WARN_NON_LITERAL_NULL_CONVERSION = YES;
				CLANG_WARN_OBJC_IMPLICIT_RETAIN_SELF = YES;
				CLANG_WARN_OBJC_LITERAL_CONVERSION = YES;
				CLANG_WARN_OBJC_ROOT_CLASS = YES_ERROR;
				CLANG_WARN_QUOTED_INCLUDE_IN_FRAMEWORK_HEADER = YES;
				CLANG_WARN_RANGE_LOOP_ANALYSIS = YES;
				CLANG_WARN_STRICT_PROTOTYPES = YES;
				CLANG_WARN_SUSPICIOUS_MOVE = YES;
				CLANG_WARN_UNGUARDED_AVAILABILITY = YES_AGGRESSIVE;
				CLANG_WARN_UNREACHABLE_CODE = YES;
				CLANG_WARN__DUPLICATE_METHOD_MATCH = YES;
				COPY_PHASE_STRIP = NO;
				DEBUG_INFORMATION_FORMAT = "dwarf-with-dsym";
				ENABLE_NS_ASSERTIONS = NO;
				ENABLE_STRICT_OBJC_MSGSEND = YES;
				ENABLE_USER_SCRIPT_SANDBOXING = YES;
				GCC_C_LANGUAGE_STANDARD = gnu17;
				GCC_NO_COMMON_BLOCKS = YES;
				GCC_WARN_64_TO_32_BIT_CONVERSION = YES;
				GCC_WARN_ABOUT_RETURN_TYPE = YES_ERROR;
				GCC_WARN_UNDECLARED_SELECTOR = YES;
				GCC_WARN_UNINITIALIZED_AUTOS = YES_AGGRESSIVE;
				GCC_WARN_UNUSED_FUNCTION = YES;
				GCC_WARN_UNUSED_VARIABLE = YES;
				LOCALIZATION_PREFERS_STRING_CATALOGS = YES;
				MACOSX_DEPLOYMENT_TARGET = 14.2;
				MTL_ENABLE_DEBUG_INFO = NO;
				MTL_FAST_MATH = YES;
				SDKROOT = macosx;
				SWIFT_COMPILATION_MODE = wholemodule;
			};
			name = Release;
		};
		95472D972B58F4A400BBE8C3 /* Debug */ = {
			isa = XCBuildConfiguration;
			buildSettings = {
				ASSETCATALOG_COMPILER_APPICON_NAME = AppIcon;
				ASSETCATALOG_COMPILER_GLOBAL_ACCENT_COLOR_NAME = AccentColor;
				CODE_SIGN_ENTITLEMENTS = VimeoPlayer/VimeoPlayer.entitlements;
				CODE_SIGN_STYLE = Automatic;
				COMBINE_HIDPI_IMAGES = YES;
				CURRENT_PROJECT_VERSION = 1;
				DEVELOPMENT_ASSET_PATHS = "\"VimeoPlayer/Preview Content\"";
				DEVELOPMENT_TEAM = TNTX3799P3;
				ENABLE_HARDENED_RUNTIME = YES;
				ENABLE_PREVIEWS = YES;
				GENERATE_INFOPLIST_FILE = YES;
				INFOPLIST_KEY_NSHumanReadableCopyright = "";
				LD_RUNPATH_SEARCH_PATHS = (
					"$(inherited)",
					"@executable_path/../Frameworks",
				);
				MACOSX_DEPLOYMENT_TARGET = 13.0;
				MARKETING_VERSION = 1.0;
				PRODUCT_BUNDLE_IDENTIFIER = DenisDmitriev.VimeoPlayer;
				PRODUCT_NAME = "$(TARGET_NAME)";
				SWIFT_EMIT_LOC_STRINGS = YES;
				SWIFT_VERSION = 5.0;
			};
			name = Debug;
		};
		95472D982B58F4A400BBE8C3 /* Release */ = {
			isa = XCBuildConfiguration;
			buildSettings = {
				ASSETCATALOG_COMPILER_APPICON_NAME = AppIcon;
				ASSETCATALOG_COMPILER_GLOBAL_ACCENT_COLOR_NAME = AccentColor;
				CODE_SIGN_ENTITLEMENTS = VimeoPlayer/VimeoPlayer.entitlements;
				CODE_SIGN_STYLE = Automatic;
				COMBINE_HIDPI_IMAGES = YES;
				CURRENT_PROJECT_VERSION = 1;
				DEVELOPMENT_ASSET_PATHS = "\"VimeoPlayer/Preview Content\"";
				DEVELOPMENT_TEAM = TNTX3799P3;
				ENABLE_HARDENED_RUNTIME = YES;
				ENABLE_PREVIEWS = YES;
				GENERATE_INFOPLIST_FILE = YES;
				INFOPLIST_KEY_NSHumanReadableCopyright = "";
				LD_RUNPATH_SEARCH_PATHS = (
					"$(inherited)",
					"@executable_path/../Frameworks",
				);
				MACOSX_DEPLOYMENT_TARGET = 13.0;
				MARKETING_VERSION = 1.0;
				PRODUCT_BUNDLE_IDENTIFIER = DenisDmitriev.VimeoPlayer;
				PRODUCT_NAME = "$(TARGET_NAME)";
				SWIFT_EMIT_LOC_STRINGS = YES;
				SWIFT_VERSION = 5.0;
			};
			name = Release;
		};
/* End XCBuildConfiguration section */

/* Begin XCConfigurationList section */
		95472D822B58F4A300BBE8C3 /* Build configuration list for PBXProject "VimeoPlayer" */ = {
			isa = XCConfigurationList;
			buildConfigurations = (
				95472D942B58F4A400BBE8C3 /* Debug */,
				95472D952B58F4A400BBE8C3 /* Release */,
			);
			defaultConfigurationIsVisible = 0;
			defaultConfigurationName = Release;
		};
		95472D962B58F4A400BBE8C3 /* Build configuration list for PBXNativeTarget "VimeoPlayer" */ = {
			isa = XCConfigurationList;
			buildConfigurations = (
				95472D972B58F4A400BBE8C3 /* Debug */,
				95472D982B58F4A400BBE8C3 /* Release */,
			);
			defaultConfigurationIsVisible = 0;
			defaultConfigurationName = Release;
		};
/* End XCConfigurationList section */
	};
	rootObject = 95472D7F2B58F4A300BBE8C3 /* Project object */;
}
